
Microsoft Visual Studio Solution File, Format Version 12.00
# Visual Studio 15
VisualStudioVersion = 15.0.28010.2003
MinimumVisualStudioVersion = 10.0.40219.1
Project("{9A19103F-16F7-4668-BE54-9A1E7A4F7556}") = "DAL", "DAL\DAL.csproj", "{C007008A-DD81-4354-A92A-B1EE1818A884}"
EndProject
Project("{9A19103F-16F7-4668-BE54-9A1E7A4F7556}") = "MVC", "MVC\MVC.csproj", "{ADA26D00-D08F-44E0-8695-4CA4F5F00DEE}"
EndProject
Project("{FAE04EC0-301F-11D3-BF4B-00C04F79EFBC}") = "Functions", "Functions\Functions.csproj", "{11979B50-B3C3-40D0-A77F-60C3C90419DD}"
EndProject
Global
	GlobalSection(SolutionConfigurationPlatforms) = preSolution
		Debug|Any CPU = Debug|Any CPU
		Release|Any CPU = Release|Any CPU
	EndGlobalSection
	GlobalSection(ProjectConfigurationPlatforms) = postSolution
		{C007008A-DD81-4354-A92A-B1EE1818A884}.Debug|Any CPU.ActiveCfg = Debug|Any CPU
		{C007008A-DD81-4354-A92A-B1EE1818A884}.Debug|Any CPU.Build.0 = Debug|Any CPU
		{C007008A-DD81-4354-A92A-B1EE1818A884}.Release|Any CPU.ActiveCfg = Release|Any CPU
		{C007008A-DD81-4354-A92A-B1EE1818A884}.Release|Any CPU.Build.0 = Release|Any CPU
		{ADA26D00-D08F-44E0-8695-4CA4F5F00DEE}.Debug|Any CPU.ActiveCfg = Debug|Any CPU
		{ADA26D00-D08F-44E0-8695-4CA4F5F00DEE}.Debug|Any CPU.Build.0 = Debug|Any CPU
		{ADA26D00-D08F-44E0-8695-4CA4F5F00DEE}.Release|Any CPU.ActiveCfg = Release|Any CPU
		{ADA26D00-D08F-44E0-8695-4CA4F5F00DEE}.Release|Any CPU.Build.0 = Release|Any CPU
		{11979B50-B3C3-40D0-A77F-60C3C90419DD}.Debug|Any CPU.ActiveCfg = Debug|Any CPU
		{11979B50-B3C3-40D0-A77F-60C3C90419DD}.Debug|Any CPU.Build.0 = Debug|Any CPU
		{11979B50-B3C3-40D0-A77F-60C3C90419DD}.Release|Any CPU.ActiveCfg = Release|Any CPU
		{11979B50-B3C3-40D0-A77F-60C3C90419DD}.Release|Any CPU.Build.0 = Release|Any CPU
	EndGlobalSection
	GlobalSection(SolutionProperties) = preSolution
		HideSolutionNode = FALSE
	EndGlobalSection
	GlobalSection(ExtensibilityGlobals) = postSolution
		SolutionGuid = {4B9F4FFC-6910-48DA-BBB2-11DB72A8DAB9}
	EndGlobalSection
EndGlobal
